
Microsoft Visual Studio Solution File, Format Version 12.00
# Visual Studio Version 17
VisualStudioVersion = 17.9.34728.123
MinimumVisualStudioVersion = 10.0.40219.1
Project("{FAE04EC0-301F-11D3-BF4B-00C04F79EFBC}") = "Nullable type of c#", "Nullable type of c#.csproj", "{96E3D569-8370-4F00-B628-95BAC2D01E80}"
EndProject
Global
	GlobalSection(SolutionConfigurationPlatforms) = preSolution
		Debug|Any CPU = Debug|Any CPU
		Release|Any CPU = Release|Any CPU
	EndGlobalSection
	GlobalSection(ProjectConfigurationPlatforms) = postSolution
		{96E3D569-8370-4F00-B628-95BAC2D01E80}.Debug|Any CPU.ActiveCfg = Debug|Any CPU
		{96E3D569-8370-4F00-B628-95BAC2D01E80}.Debug|Any CPU.Build.0 = Debug|Any CPU
		{96E3D569-8370-4F00-B628-95BAC2D01E80}.Release|Any CPU.ActiveCfg = Release|Any CPU
		{96E3D569-8370-4F00-B628-95BAC2D01E80}.Release|Any CPU.Build.0 = Release|Any CPU
	EndGlobalSection
	GlobalSection(SolutionProperties) = preSolution
		HideSolutionNode = FALSE
	EndGlobalSection
	GlobalSection(ExtensibilityGlobals) = postSolution
		SolutionGuid = {D5D60130-804D-4475-BDC6-8F0B1FE1DDAA}
	EndGlobalSection
EndGlobal
