
Microsoft Visual Studio Solution File, Format Version 12.00
# Visual Studio Version 17
VisualStudioVersion = 17.9.34728.123
MinimumVisualStudioVersion = 10.0.40219.1
Project("{FAE04EC0-301F-11D3-BF4B-00C04F79EFBC}") = "Switch statement", "Switch statement.csproj", "{5FC7508B-255C-478B-AD40-5CF75B688881}"
EndProject
Global
	GlobalSection(SolutionConfigurationPlatforms) = preSolution
		Debug|Any CPU = Debug|Any CPU
		Release|Any CPU = Release|Any CPU
	EndGlobalSection
	GlobalSection(ProjectConfigurationPlatforms) = postSolution
		{5FC7508B-255C-478B-AD40-5CF75B688881}.Debug|Any CPU.ActiveCfg = Debug|Any CPU
		{5FC7508B-255C-478B-AD40-5CF75B688881}.Debug|Any CPU.Build.0 = Debug|Any CPU
		{5FC7508B-255C-478B-AD40-5CF75B688881}.Release|Any CPU.ActiveCfg = Release|Any CPU
		{5FC7508B-255C-478B-AD40-5CF75B688881}.Release|Any CPU.Build.0 = Release|Any CPU
	EndGlobalSection
	GlobalSection(SolutionProperties) = preSolution
		HideSolutionNode = FALSE
	EndGlobalSection
	GlobalSection(ExtensibilityGlobals) = postSolution
		SolutionGuid = {B218908D-3DEA-41DB-8A85-8133C9C271CE}
	EndGlobalSection
EndGlobal
