
Microsoft Visual Studio Solution File, Format Version 12.00
# Visual Studio Version 17
VisualStudioVersion = 17.9.34728.123
MinimumVisualStudioVersion = 10.0.40219.1
Project("{FAE04EC0-301F-11D3-BF4B-00C04F79EFBC}") = "Data Typw", "Data Typw.csproj", "{4EADC420-D6DE-462C-8062-E4E46F6AC728}"
EndProject
Global
	GlobalSection(SolutionConfigurationPlatforms) = preSolution
		Debug|Any CPU = Debug|Any CPU
		Release|Any CPU = Release|Any CPU
	EndGlobalSection
	GlobalSection(ProjectConfigurationPlatforms) = postSolution
		{4EADC420-D6DE-462C-8062-E4E46F6AC728}.Debug|Any CPU.ActiveCfg = Debug|Any CPU
		{4EADC420-D6DE-462C-8062-E4E46F6AC728}.Debug|Any CPU.Build.0 = Debug|Any CPU
		{4EADC420-D6DE-462C-8062-E4E46F6AC728}.Release|Any CPU.ActiveCfg = Release|Any CPU
		{4EADC420-D6DE-462C-8062-E4E46F6AC728}.Release|Any CPU.Build.0 = Release|Any CPU
	EndGlobalSection
	GlobalSection(SolutionProperties) = preSolution
		HideSolutionNode = FALSE
	EndGlobalSection
	GlobalSection(ExtensibilityGlobals) = postSolution
		SolutionGuid = {30218018-E0C5-48E9-A204-80BC62F7A9B3}
	EndGlobalSection
EndGlobal
